
Microsoft Visual Studio Solution File, Format Version 12.00
# Visual Studio 15
Project("{FAE04EC0-301F-11D3-BF4B-00C04F79EFBC}") = "Conditions", "Conditions\Conditions.csproj", "{EC80F203-4CA0-4CA1-A65B-CC652B2C89FA}"
EndProject
Global
	GlobalSection(SolutionConfigurationPlatforms) = preSolution
		Debug|Any CPU = Debug|Any CPU
		Release|Any CPU = Release|Any CPU
	EndGlobalSection
	GlobalSection(ProjectConfigurationPlatforms) = postSolution
		{EC80F203-4CA0-4CA1-A65B-CC652B2C89FA}.Debug|Any CPU.ActiveCfg = Debug|Any CPU
		{EC80F203-4CA0-4CA1-A65B-CC652B2C89FA}.Debug|Any CPU.Build.0 = Debug|Any CPU
		{EC80F203-4CA0-4CA1-A65B-CC652B2C89FA}.Release|Any CPU.ActiveCfg = Release|Any CPU
		{EC80F203-4CA0-4CA1-A65B-CC652B2C89FA}.Release|Any CPU.Build.0 = Release|Any CPU
	EndGlobalSection
EndGlobal
